
Microsoft Visual Studio Solution File, Format Version 12.00
# Visual Studio Version 17
VisualStudioVersion = 17.9.34622.214
MinimumVisualStudioVersion = 10.0.40219.1
Project("{FAE04EC0-301F-11D3-BF4B-00C04F79EFBC}") = "CheckersGame", "CheckersGame\CheckersGame.csproj", "{00FFCA5F-1417-4474-8C57-2A7E877C7942}"
EndProject
Global
	GlobalSection(SolutionConfigurationPlatforms) = preSolution
		Debug|Any CPU = Debug|Any CPU
		Release|Any CPU = Release|Any CPU
	EndGlobalSection
	GlobalSection(ProjectConfigurationPlatforms) = postSolution
		{00FFCA5F-1417-4474-8C57-2A7E877C7942}.Debug|Any CPU.ActiveCfg = Debug|Any CPU
		{00FFCA5F-1417-4474-8C57-2A7E877C7942}.Debug|Any CPU.Build.0 = Debug|Any CPU
		{00FFCA5F-1417-4474-8C57-2A7E877C7942}.Release|Any CPU.ActiveCfg = Release|Any CPU
		{00FFCA5F-1417-4474-8C57-2A7E877C7942}.Release|Any CPU.Build.0 = Release|Any CPU
	EndGlobalSection
	GlobalSection(SolutionProperties) = preSolution
		HideSolutionNode = FALSE
	EndGlobalSection
	GlobalSection(ExtensibilityGlobals) = postSolution
		SolutionGuid = {507660F1-B048-4AF0-842A-80BB43AAA2B4}
	EndGlobalSection
EndGlobal
